
Microsoft Visual Studio Solution File, Format Version 12.00
# Visual Studio Version 17
VisualStudioVersion = 17.12.35527.113 d17.12
MinimumVisualStudioVersion = 10.0.40219.1
Project("{FAE04EC0-301F-11D3-BF4B-00C04F79EFBC}") = "myHotel_Backend", "myHotel_Backend\myHotel_Backend.csproj", "{44ABEB0D-D308-4301-8F2D-43779DA3CA5D}"
EndProject
Project("{FAE04EC0-301F-11D3-BF4B-00C04F79EFBC}") = "HotelWebBackEnd", "..\HotelWebBackEnd\HotelWebBackEnd.csproj", "{95B7A5F8-A5E8-442D-BB7C-29F81568FDD4}"
EndProject
Global
	GlobalSection(SolutionConfigurationPlatforms) = preSolution
		Debug|Any CPU = Debug|Any CPU
		Release|Any CPU = Release|Any CPU
	EndGlobalSection
	GlobalSection(ProjectConfigurationPlatforms) = postSolution
		{44ABEB0D-D308-4301-8F2D-43779DA3CA5D}.Debug|Any CPU.ActiveCfg = Debug|Any CPU
		{44ABEB0D-D308-4301-8F2D-43779DA3CA5D}.Debug|Any CPU.Build.0 = Debug|Any CPU
		{44ABEB0D-D308-4301-8F2D-43779DA3CA5D}.Release|Any CPU.ActiveCfg = Release|Any CPU
		{44ABEB0D-D308-4301-8F2D-43779DA3CA5D}.Release|Any CPU.Build.0 = Release|Any CPU
		{95B7A5F8-A5E8-442D-BB7C-29F81568FDD4}.Debug|Any CPU.ActiveCfg = Debug|Any CPU
		{95B7A5F8-A5E8-442D-BB7C-29F81568FDD4}.Debug|Any CPU.Build.0 = Debug|Any CPU
		{95B7A5F8-A5E8-442D-BB7C-29F81568FDD4}.Release|Any CPU.ActiveCfg = Release|Any CPU
		{95B7A5F8-A5E8-442D-BB7C-29F81568FDD4}.Release|Any CPU.Build.0 = Release|Any CPU
	EndGlobalSection
	GlobalSection(SolutionProperties) = preSolution
		HideSolutionNode = FALSE
	EndGlobalSection
EndGlobal
